// !$*UTF8*$!
{
	archiveVersion = 1;
	classes = {
	};
	objectVersion = 77;
	objects = {

/* Begin PBXContainerItemProxy section */
		8C01FA582DF15D3D0028F483 /* PBXContainerItemProxy */ = {
			isa = PBXContainerItemProxy;
			containerPortal = 8C01FA422DF15D3B0028F483 /* Project object */;
			proxyType = 1;
			remoteGlobalIDString = 8C01FA492DF15D3B0028F483;
			remoteInfo = StringCalculatorKata;
		};
		8C01FA622DF15D3D0028F483 /* PBXContainerItemProxy */ = {
			isa = PBXContainerItemProxy;
			containerPortal = 8C01FA422DF15D3B0028F483 /* Project object */;
			proxyType = 1;
			remoteGlobalIDString = 8C01FA492DF15D3B0028F483;
			remoteInfo = StringCalculatorKata;
		};
/* End PBXContainerItemProxy section */

/* Begin PBXFileReference section */
		8C01FA4A2DF15D3B0028F483 /* StringCalculatorKata.app */ = {isa = PBXFileReference; explicitFileType = wrapper.application; includeInIndex = 0; path = StringCalculatorKata.app; sourceTree = BUILT_PRODUCTS_DIR; };
		8C01FA572DF15D3D0028F483 /* StringCalculatorKataTests.xctest */ = {isa = PBXFileReference; explicitFileType = wrapper.cfbundle; includeInIndex = 0; path = StringCalculatorKataTests.xctest; sourceTree = BUILT_PRODUCTS_DIR; };
		8C01FA612DF15D3D0028F483 /* StringCalculatorKataUITests.xctest */ = {isa = PBXFileReference; explicitFileType = wrapper.cfbundle; includeInIndex = 0; path = StringCalculatorKataUITests.xctest; sourceTree = BUILT_PRODUCTS_DIR; };
/* End PBXFileReference section */

/* Begin PBXFileSystemSynchronizedRootGroup section */
		8C01FA4C2DF15D3B0028F483 /* StringCalculatorKata */ = {
			isa = PBXFileSystemSynchronizedRootGroup;
			path = StringCalculatorKata;
			sourceTree = "<group>";
		};
		8C01FA5A2DF15D3D0028F483 /* StringCalculatorKataTests */ = {
			isa = PBXFileSystemSynchronizedRootGroup;
			path = StringCalculatorKataTests;
			sourceTree = "<group>";
		};
		8C01FA642DF15D3D0028F483 /* StringCalculatorKataUITests */ = {
			isa = PBXFileSystemSynchronizedRootGroup;
			path = StringCalculatorKataUITests;
			sourceTree = "<group>";
		};
/* End PBXFileSystemSynchronizedRootGroup section */

/* Begin PBXFrameworksBuildPhase section */
		8C01FA472DF15D3B0028F483 /* Frameworks */ = {
			isa = PBXFrameworksBuildPhase;
			buildActionMask = 2147483647;
			files = (
			);
			runOnlyForDeploymentPostprocessing = 0;
		};
		8C01FA542DF15D3D0028F483 /* Frameworks */ = {
			isa = PBXFrameworksBuildPhase;
			buildActionMask = 2147483647;
			files = (
			);
			runOnlyForDeploymentPostprocessing = 0;
		};
		8C01FA5E2DF15D3D0028F483 /* Frameworks */ = {
			isa = PBXFrameworksBuildPhase;
			buildActionMask = 2147483647;
			files = (
			);
			runOnlyForDeploymentPostprocessing = 0;
		};
/* End PBXFrameworksBuildPhase section */

/* Begin PBXGroup section */
		8C01FA412DF15D3B0028F483 = {
			isa = PBXGroup;
			children = (
				8C01FA4C2DF15D3B0028F483 /* StringCalculatorKata */,
				8C01FA5A2DF15D3D0028F483 /* StringCalculatorKataTests */,
				8C01FA642DF15D3D0028F483 /* StringCalculatorKataUITests */,
				8C01FA4B2DF15D3B0028F483 /* Products */,
			);
			sourceTree = "<group>";
		};
		8C01FA4B2DF15D3B0028F483 /* Products */ = {
			isa = PBXGroup;
			children = (
				8C01FA4A2DF15D3B0028F483 /* StringCalculatorKata.app */,
				8C01FA572DF15D3D0028F483 /* StringCalculatorKataTests.xctest */,
				8C01FA612DF15D3D0028F483 /* StringCalculatorKataUITests.xctest */,
			);
			name = Products;
			sourceTree = "<group>";
		};
/* End PBXGroup section */

/* Begin PBXNativeTarget section */
		8C01FA492DF15D3B0028F483 /* StringCalculatorKata */ = {
			isa = PBXNativeTarget;
			buildConfigurationList = 8C01FA6B2DF15D3D0028F483 /* Build configuration list for PBXNativeTarget "StringCalculatorKata" */;
			buildPhases = (
				8C01FA462DF15D3B0028F483 /* Sources */,
				8C01FA472DF15D3B0028F483 /* Frameworks */,
				8C01FA482DF15D3B0028F483 /* Resources */,
			);
			buildRules = (
			);
			dependencies = (
			);
			fileSystemSynchronizedGroups = (
				8C01FA4C2DF15D3B0028F483 /* StringCalculatorKata */,
			);
			name = StringCalculatorKata;
			packageProductDependencies = (
			);
			productName = StringCalculatorKata;
			productReference = 8C01FA4A2DF15D3B0028F483 /* StringCalculatorKata.app */;
			productType = "com.apple.product-type.application";
		};
		8C01FA562DF15D3D0028F483 /* StringCalculatorKataTests */ = {
			isa = PBXNativeTarget;
			buildConfigurationList = 8C01FA6E2DF15D3D0028F483 /* Build configuration list for PBXNativeTarget "StringCalculatorKataTests" */;
			buildPhases = (
				8C01FA532DF15D3D0028F483 /* Sources */,
				8C01FA542DF15D3D0028F483 /* Frameworks */,
				8C01FA552DF15D3D0028F483 /* Resources */,
			);
			buildRules = (
			);
			dependencies = (
				8C01FA592DF15D3D0028F483 /* PBXTargetDependency */,
			);
			fileSystemSynchronizedGroups = (
				8C01FA5A2DF15D3D0028F483 /* StringCalculatorKataTests */,
			);
			name = StringCalculatorKataTests;
			packageProductDependencies = (
			);
			productName = StringCalculatorKataTests;
			productReference = 8C01FA572DF15D3D0028F483 /* StringCalculatorKataTests.xctest */;
			productType = "com.apple.product-type.bundle.unit-test";
		};
		8C01FA602DF15D3D0028F483 /* StringCalculatorKataUITests */ = {
			isa = PBXNativeTarget;
			buildConfigurationList = 8C01FA712DF15D3D0028F483 /* Build configuration list for PBXNativeTarget "StringCalculatorKataUITests" */;
			buildPhases = (
				8C01FA5D2DF15D3D0028F483 /* Sources */,
				8C01FA5E2DF15D3D0028F483 /* Frameworks */,
				8C01FA5F2DF15D3D0028F483 /* Resources */,
			);
			buildRules = (
			);
			dependencies = (
				8C01FA632DF15D3D0028F483 /* PBXTargetDependency */,
			);
			fileSystemSynchronizedGroups = (
				8C01FA642DF15D3D0028F483 /* StringCalculatorKataUITests */,
			);
			name = StringCalculatorKataUITests;
			packageProductDependencies = (
			);
			productName = StringCalculatorKataUITests;
			productReference = 8C01FA612DF15D3D0028F483 /* StringCalculatorKataUITests.xctest */;
			productType = "com.apple.product-type.bundle.ui-testing";
		};
/* End PBXNativeTarget section */

/* Begin PBXProject section */
		8C01FA422DF15D3B0028F483 /* Project object */ = {
			isa = PBXProject;
			attributes = {
				BuildIndependentTargetsInParallel = 1;
				LastSwiftUpdateCheck = 1640;
				LastUpgradeCheck = 1640;
				TargetAttributes = {
					8C01FA492DF15D3B0028F483 = {
						CreatedOnToolsVersion = 16.4;
					};
					8C01FA562DF15D3D0028F483 = {
						CreatedOnToolsVersion = 16.4;
						TestTargetID = 8C01FA492DF15D3B0028F483;
					};
					8C01FA602DF15D3D0028F483 = {
						CreatedOnToolsVersion = 16.4;
						TestTargetID = 8C01FA492DF15D3B0028F483;
					};
				};
			};
			buildConfigurationList = 8C01FA452DF15D3B0028F483 /* Build configuration list for PBXProject "StringCalculatorKata" */;
			developmentRegion = en;
			hasScannedForEncodings = 0;
			knownRegions = (
				en,
				Base,
			);
			mainGroup = 8C01FA412DF15D3B0028F483;
			minimizedProjectReferenceProxies = 1;
			preferredProjectObjectVersion = 77;
			productRefGroup = 8C01FA4B2DF15D3B0028F483 /* Products */;
			projectDirPath = "";
			projectRoot = "";
			targets = (
				8C01FA492DF15D3B0028F483 /* StringCalculatorKata */,
				8C01FA562DF15D3D0028F483 /* StringCalculatorKataTests */,
				8C01FA602DF15D3D0028F483 /* StringCalculatorKataUITests */,
			);
		};
/* End PBXProject section */

/* Begin PBXResourcesBuildPhase section */
		8C01FA482DF15D3B0028F483 /* Resources */ = {
			isa = PBXResourcesBuildPhase;
			buildActionMask = 2147483647;
			files = (
			);
			runOnlyForDeploymentPostprocessing = 0;
		};
		8C01FA552DF15D3D0028F483 /* Resources */ = {
			isa = PBXResourcesBuildPhase;
			buildActionMask = 2147483647;
			files = (
			);
			runOnlyForDeploymentPostprocessing = 0;
		};
		8C01FA5F2DF15D3D0028F483 /* Resources */ = {
			isa = PBXResourcesBuildPhase;
			buildActionMask = 2147483647;
			files = (
			);
			runOnlyForDeploymentPostprocessing = 0;
		};
/* End PBXResourcesBuildPhase section */

/* Begin PBXSourcesBuildPhase section */
		8C01FA462DF15D3B0028F483 /* Sources */ = {
			isa = PBXSourcesBuildPhase;
			buildActionMask = 2147483647;
			files = (
			);
			runOnlyForDeploymentPostprocessing = 0;
		};
		8C01FA532DF15D3D0028F483 /* Sources */ = {
			isa = PBXSourcesBuildPhase;
			buildActionMask = 2147483647;
			files = (
			);
			runOnlyForDeploymentPostprocessing = 0;
		};
		8C01FA5D2DF15D3D0028F483 /* Sources */ = {
			isa = PBXSourcesBuildPhase;
			buildActionMask = 2147483647;
			files = (
			);
			runOnlyForDeploymentPostprocessing = 0;
		};
/* End PBXSourcesBuildPhase section */

/* Begin PBXTargetDependency section */
		8C01FA592DF15D3D0028F483 /* PBXTargetDependency */ = {
			isa = PBXTargetDependency;
			target = 8C01FA492DF15D3B0028F483 /* StringCalculatorKata */;
			targetProxy = 8C01FA582DF15D3D0028F483 /* PBXContainerItemProxy */;
		};
		8C01FA632DF15D3D0028F483 /* PBXTargetDependency */ = {
			isa = PBXTargetDependency;
			target = 8C01FA492DF15D3B0028F483 /* StringCalculatorKata */;
			targetProxy = 8C01FA622DF15D3D0028F483 /* PBXContainerItemProxy */;
		};
/* End PBXTargetDependency section */

/* Begin XCBuildConfiguration section */
		8C01FA692DF15D3D0028F483 /* Debug */ = {
			isa = XCBuildConfiguration;
			buildSettings = {
				ALWAYS_SEARCH_USER_PATHS = NO;
				ASSETCATALOG_COMPILER_GENERATE_SWIFT_ASSET_SYMBOL_EXTENSIONS = YES;
				CLANG_ANALYZER_NONNULL = YES;
				CLANG_ANALYZER_NUMBER_OBJECT_CONVERSION = YES_AGGRESSIVE;
				CLANG_CXX_LANGUAGE_STANDARD = "gnu++20";
				CLANG_ENABLE_MODULES = YES;
				CLANG_ENABLE_OBJC_ARC = YES;
				CLANG_ENABLE_OBJC_WEAK = YES;
				CLANG_WARN_BLOCK_CAPTURE_AUTORELEASING = YES;
				CLANG_WARN_BOOL_CONVERSION = YES;
				CLANG_WARN_COMMA = YES;
				CLANG_WARN_CONSTANT_CONVERSION = YES;
				CLANG_WARN_DEPRECATED_OBJC_IMPLEMENTATIONS = YES;
				CLANG_WARN_DIRECT_OBJC_ISA_USAGE = YES_ERROR;
				CLANG_WARN_DOCUMENTATION_COMMENTS = YES;
				CLANG_WARN_EMPTY_BODY = YES;
				CLANG_WARN_ENUM_CONVERSION = YES;
				CLANG_WARN_INFINITE_RECURSION = YES;
				CLANG_WARN_INT_CONVERSION = YES;
				CLANG_WARN_NON_LITERAL_NULL_CONVERSION = YES;
				CLANG_WARN_OBJC_IMPLICIT_RETAIN_SELF = YES;
				CLANG_WARN_OBJC_LITERAL_CONVERSION = YES;
				CLANG_WARN_OBJC_ROOT_CLASS = YES_ERROR;
				CLANG_WARN_QUOTED_INCLUDE_IN_FRAMEWORK_HEADER = YES;
				CLANG_WARN_RANGE_LOOP_ANALYSIS = YES;
				CLANG_WARN_STRICT_PROTOTYPES = YES;
				CLANG_WARN_SUSPICIOUS_MOVE = YES;
				CLANG_WARN_UNGUARDED_AVAILABILITY = YES_AGGRESSIVE;
				CLANG_WARN_UNREACHABLE_CODE = YES;
				CLANG_WARN__DUPLICATE_METHOD_MATCH = YES;
				COPY_PHASE_STRIP = NO;
				DEBUG_INFORMATION_FORMAT = dwarf;
				ENABLE_STRICT_OBJC_MSGSEND = YES;
				ENABLE_TESTABILITY = YES;
				ENABLE_USER_SCRIPT_SANDBOXING = YES;
				GCC_C_LANGUAGE_STANDARD = gnu17;
				GCC_DYNAMIC_NO_PIC = NO;
				GCC_NO_COMMON_BLOCKS = YES;
				GCC_OPTIMIZATION_LEVEL = 0;
				GCC_PREPROCESSOR_DEFINITIONS = (
					"DEBUG=1",
					"$(inherited)",
				);
				GCC_WARN_64_TO_32_BIT_CONVERSION = YES;
				GCC_WARN_ABOUT_RETURN_TYPE = YES_ERROR;
				GCC_WARN_UNDECLARED_SELECTOR = YES;
				GCC_WARN_UNINITIALIZED_AUTOS = YES_AGGRESSIVE;
				GCC_WARN_UNUSED_FUNCTION = YES;
				GCC_WARN_UNUSED_VARIABLE = YES;
				IPHONEOS_DEPLOYMENT_TARGET = 18.5;
				LOCALIZATION_PREFERS_STRING_CATALOGS = YES;
				MTL_ENABLE_DEBUG_INFO = INCLUDE_SOURCE;
				MTL_FAST_MATH = YES;
				ONLY_ACTIVE_ARCH = YES;
				SDKROOT = iphoneos;
				SWIFT_ACTIVE_COMPILATION_CONDITIONS = "DEBUG $(inherited)";
				SWIFT_OPTIMIZATION_LEVEL = "-Onone";
			};
			name = Debug;
		};
		8C01FA6A2DF15D3D0028F483 /* Release */ = {
			isa = XCBuildConfiguration;
			buildSettings = {
				ALWAYS_SEARCH_USER_PATHS = NO;
				ASSETCATALOG_COMPILER_GENERATE_SWIFT_ASSET_SYMBOL_EXTENSIONS = YES;
				CLANG_ANALYZER_NONNULL = YES;
				CLANG_ANALYZER_NUMBER_OBJECT_CONVERSION = YES_AGGRESSIVE;
				CLANG_CXX_LANGUAGE_STANDARD = "gnu++20";
				CLANG_ENABLE_MODULES = YES;
				CLANG_ENABLE_OBJC_ARC = YES;
				CLANG_ENABLE_OBJC_WEAK = YES;
				CLANG_WARN_BLOCK_CAPTURE_AUTORELEASING = YES;
				CLANG_WARN_BOOL_CONVERSION = YES;
				CLANG_WARN_COMMA = YES;
				CLANG_WARN_CONSTANT_CONVERSION = YES;
				CLANG_WARN_DEPRECATED_OBJC_IMPLEMENTATIONS = YES;
				CLANG_WARN_DIRECT_OBJC_ISA_USAGE = YES_ERROR;
				CLANG_WARN_DOCUMENTATION_COMMENTS = YES;
				CLANG_WARN_EMPTY_BODY = YES;
				CLANG_WARN_ENUM_CONVERSION = YES;
				CLANG_WARN_INFINITE_RECURSION = YES;
				CLANG_WARN_INT_CONVERSION = YES;
				CLANG_WARN_NON_LITERAL_NULL_CONVERSION = YES;
				CLANG_WARN_OBJC_IMPLICIT_RETAIN_SELF = YES;
				CLANG_WARN_OBJC_LITERAL_CONVERSION = YES;
				CLANG_WARN_OBJC_ROOT_CLASS = YES_ERROR;
				CLANG_WARN_QUOTED_INCLUDE_IN_FRAMEWORK_HEADER = YES;
				CLANG_WARN_RANGE_LOOP_ANALYSIS = YES;
				CLANG_WARN_STRICT_PROTOTYPES = YES;
				CLANG_WARN_SUSPICIOUS_MOVE = YES;
				CLANG_WARN_UNGUARDED_AVAILABILITY = YES_AGGRESSIVE;
				CLANG_WARN_UNREACHABLE_CODE = YES;
				CLANG_WARN__DUPLICATE_METHOD_MATCH = YES;
				COPY_PHASE_STRIP = NO;
				DEBUG_INFORMATION_FORMAT = "dwarf-with-dsym";
				ENABLE_NS_ASSERTIONS = NO;
				ENABLE_STRICT_OBJC_MSGSEND = YES;
				ENABLE_USER_SCRIPT_SANDBOXING = YES;
				GCC_C_LANGUAGE_STANDARD = gnu17;
				GCC_NO_COMMON_BLOCKS = YES;
				GCC_WARN_64_TO_32_BIT_CONVERSION = YES;
				GCC_WARN_ABOUT_RETURN_TYPE = YES_ERROR;
				GCC_WARN_UNDECLARED_SELECTOR = YES;
				GCC_WARN_UNINITIALIZED_AUTOS = YES_AGGRESSIVE;
				GCC_WARN_UNUSED_FUNCTION = YES;
				GCC_WARN_UNUSED_VARIABLE = YES;
				IPHONEOS_DEPLOYMENT_TARGET = 18.5;
				LOCALIZATION_PREFERS_STRING_CATALOGS = YES;
				MTL_ENABLE_DEBUG_INFO = NO;
				MTL_FAST_MATH = YES;
				SDKROOT = iphoneos;
				SWIFT_COMPILATION_MODE = wholemodule;
				VALIDATE_PRODUCT = YES;
			};
			name = Release;
		};
		8C01FA6C2DF15D3D0028F483 /* Debug */ = {
			isa = XCBuildConfiguration;
			buildSettings = {
				ASSETCATALOG_COMPILER_APPICON_NAME = AppIcon;
				ASSETCATALOG_COMPILER_GLOBAL_ACCENT_COLOR_NAME = AccentColor;
				CODE_SIGN_STYLE = Automatic;
				CURRENT_PROJECT_VERSION = 1;
				ENABLE_PREVIEWS = YES;
				GENERATE_INFOPLIST_FILE = YES;
				INFOPLIST_KEY_UIApplicationSceneManifest_Generation = YES;
				INFOPLIST_KEY_UIApplicationSupportsIndirectInputEvents = YES;
				INFOPLIST_KEY_UILaunchScreen_Generation = YES;
				INFOPLIST_KEY_UISupportedInterfaceOrientations_iPad = "UIInterfaceOrientationPortrait UIInterfaceOrientationPortraitUpsideDown UIInterfaceOrientationLandscapeLeft UIInterfaceOrientationLandscapeRight";
				INFOPLIST_KEY_UISupportedInterfaceOrientations_iPhone = "UIInterfaceOrientationPortrait UIInterfaceOrientationLandscapeLeft UIInterfaceOrientationLandscapeRight";
				LD_RUNPATH_SEARCH_PATHS = (
					"$(inherited)",
					"@executable_path/Frameworks",
				);
				MARKETING_VERSION = 1.0;
				PRODUCT_BUNDLE_IDENTIFIER = com.codeNinja.StringCalculatorKata;
				PRODUCT_NAME = "$(TARGET_NAME)";
				SWIFT_EMIT_LOC_STRINGS = YES;
				SWIFT_VERSION = 5.0;
				TARGETED_DEVICE_FAMILY = "1,2";
			};
			name = Debug;
		};
		8C01FA6D2DF15D3D0028F483 /* Release */ = {
			isa = XCBuildConfiguration;
			buildSettings = {
				ASSETCATALOG_COMPILER_APPICON_NAME = AppIcon;
				ASSETCATALOG_COMPILER_GLOBAL_ACCENT_COLOR_NAME = AccentColor;
				CODE_SIGN_STYLE = Automatic;
				CURRENT_PROJECT_VERSION = 1;
				ENABLE_PREVIEWS = YES;
				GENERATE_INFOPLIST_FILE = YES;
				INFOPLIST_KEY_UIApplicationSceneManifest_Generation = YES;
				INFOPLIST_KEY_UIApplicationSupportsIndirectInputEvents = YES;
				INFOPLIST_KEY_UILaunchScreen_Generation = YES;
				INFOPLIST_KEY_UISupportedInterfaceOrientations_iPad = "UIInterfaceOrientationPortrait UIInterfaceOrientationPortraitUpsideDown UIInterfaceOrientationLandscapeLeft UIInterfaceOrientationLandscapeRight";
				INFOPLIST_KEY_UISupportedInterfaceOrientations_iPhone = "UIInterfaceOrientationPortrait UIInterfaceOrientationLandscapeLeft UIInterfaceOrientationLandscapeRight";
				LD_RUNPATH_SEARCH_PATHS = (
					"$(inherited)",
					"@executable_path/Frameworks",
				);
				MARKETING_VERSION = 1.0;
				PRODUCT_BUNDLE_IDENTIFIER = com.codeNinja.StringCalculatorKata;
				PRODUCT_NAME = "$(TARGET_NAME)";
				SWIFT_EMIT_LOC_STRINGS = YES;
				SWIFT_VERSION = 5.0;
				TARGETED_DEVICE_FAMILY = "1,2";
			};
			name = Release;
		};
		8C01FA6F2DF15D3D0028F483 /* Debug */ = {
			isa = XCBuildConfiguration;
			buildSettings = {
				BUNDLE_LOADER = "$(TEST_HOST)";
				CODE_SIGN_STYLE = Automatic;
				CURRENT_PROJECT_VERSION = 1;
				GENERATE_INFOPLIST_FILE = YES;
				IPHONEOS_DEPLOYMENT_TARGET = 18.5;
				MARKETING_VERSION = 1.0;
				PRODUCT_BUNDLE_IDENTIFIER = com.codeNinja.StringCalculatorKataTests;
				PRODUCT_NAME = "$(TARGET_NAME)";
				SWIFT_EMIT_LOC_STRINGS = NO;
				SWIFT_VERSION = 5.0;
				TARGETED_DEVICE_FAMILY = "1,2";
				TEST_HOST = "$(BUILT_PRODUCTS_DIR)/StringCalculatorKata.app/$(BUNDLE_EXECUTABLE_FOLDER_PATH)/StringCalculatorKata";
			};
			name = Debug;
		};
		8C01FA702DF15D3D0028F483 /* Release */ = {
			isa = XCBuildConfiguration;
			buildSettings = {
				BUNDLE_LOADER = "$(TEST_HOST)";
				CODE_SIGN_STYLE = Automatic;
				CURRENT_PROJECT_VERSION = 1;
				GENERATE_INFOPLIST_FILE = YES;
				IPHONEOS_DEPLOYMENT_TARGET = 18.5;
				MARKETING_VERSION = 1.0;
				PRODUCT_BUNDLE_IDENTIFIER = com.codeNinja.StringCalculatorKataTests;
				PRODUCT_NAME = "$(TARGET_NAME)";
				SWIFT_EMIT_LOC_STRINGS = NO;
				SWIFT_VERSION = 5.0;
				TARGETED_DEVICE_FAMILY = "1,2";
				TEST_HOST = "$(BUILT_PRODUCTS_DIR)/StringCalculatorKata.app/$(BUNDLE_EXECUTABLE_FOLDER_PATH)/StringCalculatorKata";
			};
			name = Release;
		};
		8C01FA722DF15D3D0028F483 /* Debug */ = {
			isa = XCBuildConfiguration;
			buildSettings = {
				CODE_SIGN_STYLE = Automatic;
				CURRENT_PROJECT_VERSION = 1;
				GENERATE_INFOPLIST_FILE = YES;
				MARKETING_VERSION = 1.0;
				PRODUCT_BUNDLE_IDENTIFIER = com.codeNinja.StringCalculatorKataUITests;
				PRODUCT_NAME = "$(TARGET_NAME)";
				SWIFT_EMIT_LOC_STRINGS = NO;
				SWIFT_VERSION = 5.0;
				TARGETED_DEVICE_FAMILY = "1,2";
				TEST_TARGET_NAME = StringCalculatorKata;
			};
			name = Debug;
		};
		8C01FA732DF15D3D0028F483 /* Release */ = {
			isa = XCBuildConfiguration;
			buildSettings = {
				CODE_SIGN_STYLE = Automatic;
				CURRENT_PROJECT_VERSION = 1;
				GENERATE_INFOPLIST_FILE = YES;
				MARKETING_VERSION = 1.0;
				PRODUCT_BUNDLE_IDENTIFIER = com.codeNinja.StringCalculatorKataUITests;
				PRODUCT_NAME = "$(TARGET_NAME)";
				SWIFT_EMIT_LOC_STRINGS = NO;
				SWIFT_VERSION = 5.0;
				TARGETED_DEVICE_FAMILY = "1,2";
				TEST_TARGET_NAME = StringCalculatorKata;
			};
			name = Release;
		};
/* End XCBuildConfiguration section */

/* Begin XCConfigurationList section */
		8C01FA452DF15D3B0028F483 /* Build configuration list for PBXProject "StringCalculatorKata" */ = {
			isa = XCConfigurationList;
			buildConfigurations = (
				8C01FA692DF15D3D0028F483 /* Debug */,
				8C01FA6A2DF15D3D0028F483 /* Release */,
			);
			defaultConfigurationIsVisible = 0;
			defaultConfigurationName = Release;
		};
		8C01FA6B2DF15D3D0028F483 /* Build configuration list for PBXNativeTarget "StringCalculatorKata" */ = {
			isa = XCConfigurationList;
			buildConfigurations = (
				8C01FA6C2DF15D3D0028F483 /* Debug */,
				8C01FA6D2DF15D3D0028F483 /* Release */,
			);
			defaultConfigurationIsVisible = 0;
			defaultConfigurationName = Release;
		};
		8C01FA6E2DF15D3D0028F483 /* Build configuration list for PBXNativeTarget "StringCalculatorKataTests" */ = {
			isa = XCConfigurationList;
			buildConfigurations = (
				8C01FA6F2DF15D3D0028F483 /* Debug */,
				8C01FA702DF15D3D0028F483 /* Release */,
			);
			defaultConfigurationIsVisible = 0;
			defaultConfigurationName = Release;
		};
		8C01FA712DF15D3D0028F483 /* Build configuration list for PBXNativeTarget "StringCalculatorKataUITests" */ = {
			isa = XCConfigurationList;
			buildConfigurations = (
				8C01FA722DF15D3D0028F483 /* Debug */,
				8C01FA732DF15D3D0028F483 /* Release */,
			);
			defaultConfigurationIsVisible = 0;
			defaultConfigurationName = Release;
		};
/* End XCConfigurationList section */
	};
	rootObject = 8C01FA422DF15D3B0028F483 /* Project object */;
}
